// !$*UTF8*$!
{
	archiveVersion = 1;
	classes = {
	};
	objectVersion = 56;
	objects = {

/* Begin PBXBuildFile section */
		43F8D0732AD50C7D00E931C0 /* AppDelegate.swift in Sources */ = {isa = PBXBuildFile; fileRef = 43F8D0722AD50C7D00E931C0 /* AppDelegate.swift */; };
		43F8D0752AD50C7E00E931C0 /* SceneDelegate.swift in Sources */ = {isa = PBXBuildFile; fileRef = 43F8D0742AD50C7E00E931C0 /* SceneDelegate.swift */; };
		43F8D0772AD50C7E00E931C0 /* ViewController.swift in Sources */ = {isa = PBXBuildFile; fileRef = 43F8D0762AD50C7E00E931C0 /* ViewController.swift */; };
		43F8D07A2AD50C7E00E931C0 /* Main.storyboard in Resources */ = {isa = PBXBuildFile; fileRef = 43F8D0782AD50C7E00E931C0 /* Main.storyboard */; };
		43F8D07C2AD50C7E00E931C0 /* Assets.xcassets in Resources */ = {isa = PBXBuildFile; fileRef = 43F8D07B2AD50C7E00E931C0 /* Assets.xcassets */; };
		43F8D07F2AD50C7E00E931C0 /* LaunchScreen.storyboard in Resources */ = {isa = PBXBuildFile; fileRef = 43F8D07D2AD50C7E00E931C0 /* LaunchScreen.storyboard */; };
		43F8D08A2AD50C7E00E931C0 /* AnsungBarnMonTests.swift in Sources */ = {isa = PBXBuildFile; fileRef = 43F8D0892AD50C7E00E931C0 /* AnsungBarnMonTests.swift */; };
		43F8D0942AD50C7E00E931C0 /* AnsungBarnMonUITests.swift in Sources */ = {isa = PBXBuildFile; fileRef = 43F8D0932AD50C7E00E931C0 /* AnsungBarnMonUITests.swift */; };
		43F8D0962AD50C7E00E931C0 /* AnsungBarnMonUITestsLaunchTests.swift in Sources */ = {isa = PBXBuildFile; fileRef = 43F8D0952AD50C7E00E931C0 /* AnsungBarnMonUITestsLaunchTests.swift */; };
/* End PBXBuildFile section */

/* Begin PBXContainerItemProxy section */
		43F8D0862AD50C7E00E931C0 /* PBXContainerItemProxy */ = {
			isa = PBXContainerItemProxy;
			containerPortal = 43F8D0672AD50C7D00E931C0 /* Project object */;
			proxyType = 1;
			remoteGlobalIDString = 43F8D06E2AD50C7D00E931C0;
			remoteInfo = AnsungBarnMon;
		};
		43F8D0902AD50C7E00E931C0 /* PBXContainerItemProxy */ = {
			isa = PBXContainerItemProxy;
			containerPortal = 43F8D0672AD50C7D00E931C0 /* Project object */;
			proxyType = 1;
			remoteGlobalIDString = 43F8D06E2AD50C7D00E931C0;
			remoteInfo = AnsungBarnMon;
		};
/* End PBXContainerItemProxy section */

/* Begin PBXFileReference section */
		43F8D06F2AD50C7D00E931C0 /* AnsungBarnMon.app */ = {isa = PBXFileReference; explicitFileType = wrapper.application; includeInIndex = 0; path = AnsungBarnMon.app; sourceTree = BUILT_PRODUCTS_DIR; };
		43F8D0722AD50C7D00E931C0 /* AppDelegate.swift */ = {isa = PBXFileReference; lastKnownFileType = sourcecode.swift; path = AppDelegate.swift; sourceTree = "<group>"; };
		43F8D0742AD50C7E00E931C0 /* SceneDelegate.swift */ = {isa = PBXFileReference; lastKnownFileType = sourcecode.swift; path = SceneDelegate.swift; sourceTree = "<group>"; };
		43F8D0762AD50C7E00E931C0 /* ViewController.swift */ = {isa = PBXFileReference; lastKnownFileType = sourcecode.swift; path = ViewController.swift; sourceTree = "<group>"; };
		43F8D0792AD50C7E00E931C0 /* Base */ = {isa = PBXFileReference; lastKnownFileType = file.storyboard; name = Base; path = Base.lproj/Main.storyboard; sourceTree = "<group>"; };
		43F8D07B2AD50C7E00E931C0 /* Assets.xcassets */ = {isa = PBXFileReference; lastKnownFileType = folder.assetcatalog; path = Assets.xcassets; sourceTree = "<group>"; };
		43F8D07E2AD50C7E00E931C0 /* Base */ = {isa = PBXFileReference; lastKnownFileType = file.storyboard; name = Base; path = Base.lproj/LaunchScreen.storyboard; sourceTree = "<group>"; };
		43F8D0802AD50C7E00E931C0 /* Info.plist */ = {isa = PBXFileReference; lastKnownFileType = text.plist.xml; path = Info.plist; sourceTree = "<group>"; };
		43F8D0852AD50C7E00E931C0 /* AnsungBarnMonTests.xctest */ = {isa = PBXFileReference; explicitFileType = wrapper.cfbundle; includeInIndex = 0; path = AnsungBarnMonTests.xctest; sourceTree = BUILT_PRODUCTS_DIR; };
		43F8D0892AD50C7E00E931C0 /* AnsungBarnMonTests.swift */ = {isa = PBXFileReference; lastKnownFileType = sourcecode.swift; path = AnsungBarnMonTests.swift; sourceTree = "<group>"; };
		43F8D08F2AD50C7E00E931C0 /* AnsungBarnMonUITests.xctest */ = {isa = PBXFileReference; explicitFileType = wrapper.cfbundle; includeInIndex = 0; path = AnsungBarnMonUITests.xctest; sourceTree = BUILT_PRODUCTS_DIR; };
		43F8D0932AD50C7E00E931C0 /* AnsungBarnMonUITests.swift */ = {isa = PBXFileReference; lastKnownFileType = sourcecode.swift; path = AnsungBarnMonUITests.swift; sourceTree = "<group>"; };
		43F8D0952AD50C7E00E931C0 /* AnsungBarnMonUITestsLaunchTests.swift */ = {isa = PBXFileReference; lastKnownFileType = sourcecode.swift; path = AnsungBarnMonUITestsLaunchTests.swift; sourceTree = "<group>"; };
/* End PBXFileReference section */

/* Begin PBXFrameworksBuildPhase section */
		43F8D06C2AD50C7D00E931C0 /* Frameworks */ = {
			isa = PBXFrameworksBuildPhase;
			buildActionMask = 2147483647;
			files = (
			);
			runOnlyForDeploymentPostprocessing = 0;
		};
		43F8D0822AD50C7E00E931C0 /* Frameworks */ = {
			isa = PBXFrameworksBuildPhase;
			buildActionMask = 2147483647;
			files = (
			);
			runOnlyForDeploymentPostprocessing = 0;
		};
		43F8D08C2AD50C7E00E931C0 /* Frameworks */ = {
			isa = PBXFrameworksBuildPhase;
			buildActionMask = 2147483647;
			files = (
			);
			runOnlyForDeploymentPostprocessing = 0;
		};
/* End PBXFrameworksBuildPhase section */

/* Begin PBXGroup section */
		43F8D0662AD50C7D00E931C0 = {
			isa = PBXGroup;
			children = (
				43F8D0712AD50C7D00E931C0 /* AnsungBarnMon */,
				43F8D0882AD50C7E00E931C0 /* AnsungBarnMonTests */,
				43F8D0922AD50C7E00E931C0 /* AnsungBarnMonUITests */,
				43F8D0702AD50C7D00E931C0 /* Products */,
			);
			sourceTree = "<group>";
		};
		43F8D0702AD50C7D00E931C0 /* Products */ = {
			isa = PBXGroup;
			children = (
				43F8D06F2AD50C7D00E931C0 /* AnsungBarnMon.app */,
				43F8D0852AD50C7E00E931C0 /* AnsungBarnMonTests.xctest */,
				43F8D08F2AD50C7E00E931C0 /* AnsungBarnMonUITests.xctest */,
			);
			name = Products;
			sourceTree = "<group>";
		};
		43F8D0712AD50C7D00E931C0 /* AnsungBarnMon */ = {
			isa = PBXGroup;
			children = (
				43F8D0722AD50C7D00E931C0 /* AppDelegate.swift */,
				43F8D0742AD50C7E00E931C0 /* SceneDelegate.swift */,
				43F8D0762AD50C7E00E931C0 /* ViewController.swift */,
				43F8D0782AD50C7E00E931C0 /* Main.storyboard */,
				43F8D07B2AD50C7E00E931C0 /* Assets.xcassets */,
				43F8D07D2AD50C7E00E931C0 /* LaunchScreen.storyboard */,
				43F8D0802AD50C7E00E931C0 /* Info.plist */,
			);
			path = AnsungBarnMon;
			sourceTree = "<group>";
		};
		43F8D0882AD50C7E00E931C0 /* AnsungBarnMonTests */ = {
			isa = PBXGroup;
			children = (
				43F8D0892AD50C7E00E931C0 /* AnsungBarnMonTests.swift */,
			);
			path = AnsungBarnMonTests;
			sourceTree = "<group>";
		};
		43F8D0922AD50C7E00E931C0 /* AnsungBarnMonUITests */ = {
			isa = PBXGroup;
			children = (
				43F8D0932AD50C7E00E931C0 /* AnsungBarnMonUITests.swift */,
				43F8D0952AD50C7E00E931C0 /* AnsungBarnMonUITestsLaunchTests.swift */,
			);
			path = AnsungBarnMonUITests;
			sourceTree = "<group>";
		};
/* End PBXGroup section */

/* Begin PBXNativeTarget section */
		43F8D06E2AD50C7D00E931C0 /* AnsungBarnMon */ = {
			isa = PBXNativeTarget;
			buildConfigurationList = 43F8D0992AD50C7E00E931C0 /* Build configuration list for PBXNativeTarget "AnsungBarnMon" */;
			buildPhases = (
				43F8D06B2AD50C7D00E931C0 /* Sources */,
				43F8D06C2AD50C7D00E931C0 /* Frameworks */,
				43F8D06D2AD50C7D00E931C0 /* Resources */,
			);
			buildRules = (
			);
			dependencies = (
			);
			name = AnsungBarnMon;
			productName = AnsungBarnMon;
			productReference = 43F8D06F2AD50C7D00E931C0 /* AnsungBarnMon.app */;
			productType = "com.apple.product-type.application";
		};
		43F8D0842AD50C7E00E931C0 /* AnsungBarnMonTests */ = {
			isa = PBXNativeTarget;
			buildConfigurationList = 43F8D09C2AD50C7E00E931C0 /* Build configuration list for PBXNativeTarget "AnsungBarnMonTests" */;
			buildPhases = (
				43F8D0812AD50C7E00E931C0 /* Sources */,
				43F8D0822AD50C7E00E931C0 /* Frameworks */,
				43F8D0832AD50C7E00E931C0 /* Resources */,
			);
			buildRules = (
			);
			dependencies = (
				43F8D0872AD50C7E00E931C0 /* PBXTargetDependency */,
			);
			name = AnsungBarnMonTests;
			productName = AnsungBarnMonTests;
			productReference = 43F8D0852AD50C7E00E931C0 /* AnsungBarnMonTests.xctest */;
			productType = "com.apple.product-type.bundle.unit-test";
		};
		43F8D08E2AD50C7E00E931C0 /* AnsungBarnMonUITests */ = {
			isa = PBXNativeTarget;
			buildConfigurationList = 43F8D09F2AD50C7E00E931C0 /* Build configuration list for PBXNativeTarget "AnsungBarnMonUITests" */;
			buildPhases = (
				43F8D08B2AD50C7E00E931C0 /* Sources */,
				43F8D08C2AD50C7E00E931C0 /* Frameworks */,
				43F8D08D2AD50C7E00E931C0 /* Resources */,
			);
			buildRules = (
			);
			dependencies = (
				43F8D0912AD50C7E00E931C0 /* PBXTargetDependency */,
			);
			name = AnsungBarnMonUITests;
			productName = AnsungBarnMonUITests;
			productReference = 43F8D08F2AD50C7E00E931C0 /* AnsungBarnMonUITests.xctest */;
			productType = "com.apple.product-type.bundle.ui-testing";
		};
/* End PBXNativeTarget section */

/* Begin PBXProject section */
		43F8D0672AD50C7D00E931C0 /* Project object */ = {
			isa = PBXProject;
			attributes = {
				BuildIndependentTargetsInParallel = 1;
				LastSwiftUpdateCheck = 1500;
				LastUpgradeCheck = 1500;
				TargetAttributes = {
					43F8D06E2AD50C7D00E931C0 = {
						CreatedOnToolsVersion = 15.0;
					};
					43F8D0842AD50C7E00E931C0 = {
						CreatedOnToolsVersion = 15.0;
						TestTargetID = 43F8D06E2AD50C7D00E931C0;
					};
					43F8D08E2AD50C7E00E931C0 = {
						CreatedOnToolsVersion = 15.0;
						TestTargetID = 43F8D06E2AD50C7D00E931C0;
					};
				};
			};
			buildConfigurationList = 43F8D06A2AD50C7D00E931C0 /* Build configuration list for PBXProject "AnsungBarnMon" */;
			compatibilityVersion = "Xcode 14.0";
			developmentRegion = en;
			hasScannedForEncodings = 0;
			knownRegions = (
				en,
				Base,
			);
			mainGroup = 43F8D0662AD50C7D00E931C0;
			productRefGroup = 43F8D0702AD50C7D00E931C0 /* Products */;
			projectDirPath = "";
			projectRoot = "";
			targets = (
				43F8D06E2AD50C7D00E931C0 /* AnsungBarnMon */,
				43F8D0842AD50C7E00E931C0 /* AnsungBarnMonTests */,
				43F8D08E2AD50C7E00E931C0 /* AnsungBarnMonUITests */,
			);
		};
/* End PBXProject section */

/* Begin PBXResourcesBuildPhase section */
		43F8D06D2AD50C7D00E931C0 /* Resources */ = {
			isa = PBXResourcesBuildPhase;
			buildActionMask = 2147483647;
			files = (
				43F8D07F2AD50C7E00E931C0 /* LaunchScreen.storyboard in Resources */,
				43F8D07C2AD50C7E00E931C0 /* Assets.xcassets in Resources */,
				43F8D07A2AD50C7E00E931C0 /* Main.storyboard in Resources */,
			);
			runOnlyForDeploymentPostprocessing = 0;
		};
		43F8D0832AD50C7E00E931C0 /* Resources */ = {
			isa = PBXResourcesBuildPhase;
			buildActionMask = 2147483647;
			files = (
			);
			runOnlyForDeploymentPostprocessing = 0;
		};
		43F8D08D2AD50C7E00E931C0 /* Resources */ = {
			isa = PBXResourcesBuildPhase;
			buildActionMask = 2147483647;
			files = (
			);
			runOnlyForDeploymentPostprocessing = 0;
		};
/* End PBXResourcesBuildPhase section */

/* Begin PBXSourcesBuildPhase section */
		43F8D06B2AD50C7D00E931C0 /* Sources */ = {
			isa = PBXSourcesBuildPhase;
			buildActionMask = 2147483647;
			files = (
				43F8D0772AD50C7E00E931C0 /* ViewController.swift in Sources */,
				43F8D0732AD50C7D00E931C0 /* AppDelegate.swift in Sources */,
				43F8D0752AD50C7E00E931C0 /* SceneDelegate.swift in Sources */,
			);
			runOnlyForDeploymentPostprocessing = 0;
		};
		43F8D0812AD50C7E00E931C0 /* Sources */ = {
			isa = PBXSourcesBuildPhase;
			buildActionMask = 2147483647;
			files = (
				43F8D08A2AD50C7E00E931C0 /* AnsungBarnMonTests.swift in Sources */,
			);
			runOnlyForDeploymentPostprocessing = 0;
		};
		43F8D08B2AD50C7E00E931C0 /* Sources */ = {
			isa = PBXSourcesBuildPhase;
			buildActionMask = 2147483647;
			files = (
				43F8D0962AD50C7E00E931C0 /* AnsungBarnMonUITestsLaunchTests.swift in Sources */,
				43F8D0942AD50C7E00E931C0 /* AnsungBarnMonUITests.swift in Sources */,
			);
			runOnlyForDeploymentPostprocessing = 0;
		};
/* End PBXSourcesBuildPhase section */

/* Begin PBXTargetDependency section */
		43F8D0872AD50C7E00E931C0 /* PBXTargetDependency */ = {
			isa = PBXTargetDependency;
			target = 43F8D06E2AD50C7D00E931C0 /* AnsungBarnMon */;
			targetProxy = 43F8D0862AD50C7E00E931C0 /* PBXContainerItemProxy */;
		};
		43F8D0912AD50C7E00E931C0 /* PBXTargetDependency */ = {
			isa = PBXTargetDependency;
			target = 43F8D06E2AD50C7D00E931C0 /* AnsungBarnMon */;
			targetProxy = 43F8D0902AD50C7E00E931C0 /* PBXContainerItemProxy */;
		};
/* End PBXTargetDependency section */

/* Begin PBXVariantGroup section */
		43F8D0782AD50C7E00E931C0 /* Main.storyboard */ = {
			isa = PBXVariantGroup;
			children = (
				43F8D0792AD50C7E00E931C0 /* Base */,
			);
			name = Main.storyboard;
			sourceTree = "<group>";
		};
		43F8D07D2AD50C7E00E931C0 /* LaunchScreen.storyboard */ = {
			isa = PBXVariantGroup;
			children = (
				43F8D07E2AD50C7E00E931C0 /* Base */,
			);
			name = LaunchScreen.storyboard;
			sourceTree = "<group>";
		};
/* End PBXVariantGroup section */

/* Begin XCBuildConfiguration section */
		43F8D0972AD50C7E00E931C0 /* Debug */ = {
			isa = XCBuildConfiguration;
			buildSettings = {
				ALWAYS_SEARCH_USER_PATHS = NO;
				ASSETCATALOG_COMPILER_GENERATE_SWIFT_ASSET_SYMBOL_EXTENSIONS = YES;
				CLANG_ANALYZER_NONNULL = YES;
				CLANG_ANALYZER_NUMBER_OBJECT_CONVERSION = YES_AGGRESSIVE;
				CLANG_CXX_LANGUAGE_STANDARD = "gnu++20";
				CLANG_ENABLE_MODULES = YES;
				CLANG_ENABLE_OBJC_ARC = YES;
				CLANG_ENABLE_OBJC_WEAK = YES;
				CLANG_WARN_BLOCK_CAPTURE_AUTORELEASING = YES;
				CLANG_WARN_BOOL_CONVERSION = YES;
				CLANG_WARN_COMMA = YES;
				CLANG_WARN_CONSTANT_CONVERSION = YES;
				CLANG_WARN_DEPRECATED_OBJC_IMPLEMENTATIONS = YES;
				CLANG_WARN_DIRECT_OBJC_ISA_USAGE = YES_ERROR;
				CLANG_WARN_DOCUMENTATION_COMMENTS = YES;
				CLANG_WARN_EMPTY_BODY = YES;
				CLANG_WARN_ENUM_CONVERSION = YES;
				CLANG_WARN_INFINITE_RECURSION = YES;
				CLANG_WARN_INT_CONVERSION = YES;
				CLANG_WARN_NON_LITERAL_NULL_CONVERSION = YES;
				CLANG_WARN_OBJC_IMPLICIT_RETAIN_SELF = YES;
				CLANG_WARN_OBJC_LITERAL_CONVERSION = YES;
				CLANG_WARN_OBJC_ROOT_CLASS = YES_ERROR;
				CLANG_WARN_QUOTED_INCLUDE_IN_FRAMEWORK_HEADER = YES;
				CLANG_WARN_RANGE_LOOP_ANALYSIS = YES;
				CLANG_WARN_STRICT_PROTOTYPES = YES;
				CLANG_WARN_SUSPICIOUS_MOVE = YES;
				CLANG_WARN_UNGUARDED_AVAILABILITY = YES_AGGRESSIVE;
				CLANG_WARN_UNREACHABLE_CODE = YES;
				CLANG_WARN__DUPLICATE_METHOD_MATCH = YES;
				COPY_PHASE_STRIP = NO;
				DEBUG_INFORMATION_FORMAT = dwarf;
				ENABLE_STRICT_OBJC_MSGSEND = YES;
				ENABLE_TESTABILITY = YES;
				ENABLE_USER_SCRIPT_SANDBOXING = YES;
				GCC_C_LANGUAGE_STANDARD = gnu17;
				GCC_DYNAMIC_NO_PIC = NO;
				GCC_NO_COMMON_BLOCKS = YES;
				GCC_OPTIMIZATION_LEVEL = 0;
				GCC_PREPROCESSOR_DEFINITIONS = (
					"DEBUG=1",
					"$(inherited)",
				);
				GCC_WARN_64_TO_32_BIT_CONVERSION = YES;
				GCC_WARN_ABOUT_RETURN_TYPE = YES_ERROR;
				GCC_WARN_UNDECLARED_SELECTOR = YES;
				GCC_WARN_UNINITIALIZED_AUTOS = YES_AGGRESSIVE;
				GCC_WARN_UNUSED_FUNCTION = YES;
				GCC_WARN_UNUSED_VARIABLE = YES;
				IPHONEOS_DEPLOYMENT_TARGET = 17.0;
				LOCALIZATION_PREFERS_STRING_CATALOGS = YES;
				MTL_ENABLE_DEBUG_INFO = INCLUDE_SOURCE;
				MTL_FAST_MATH = YES;
				ONLY_ACTIVE_ARCH = YES;
				SDKROOT = iphoneos;
				SWIFT_ACTIVE_COMPILATION_CONDITIONS = "DEBUG $(inherited)";
				SWIFT_OPTIMIZATION_LEVEL = "-Onone";
			};
			name = Debug;
		};
		43F8D0982AD50C7E00E931C0 /* Release */ = {
			isa = XCBuildConfiguration;
			buildSettings = {
				ALWAYS_SEARCH_USER_PATHS = NO;
				ASSETCATALOG_COMPILER_GENERATE_SWIFT_ASSET_SYMBOL_EXTENSIONS = YES;
				CLANG_ANALYZER_NONNULL = YES;
				CLANG_ANALYZER_NUMBER_OBJECT_CONVERSION = YES_AGGRESSIVE;
				CLANG_CXX_LANGUAGE_STANDARD = "gnu++20";
				CLANG_ENABLE_MODULES = YES;
				CLANG_ENABLE_OBJC_ARC = YES;
				CLANG_ENABLE_OBJC_WEAK = YES;
				CLANG_WARN_BLOCK_CAPTURE_AUTORELEASING = YES;
				CLANG_WARN_BOOL_CONVERSION = YES;
				CLANG_WARN_COMMA = YES;
				CLANG_WARN_CONSTANT_CONVERSION = YES;
				CLANG_WARN_DEPRECATED_OBJC_IMPLEMENTATIONS = YES;
				CLANG_WARN_DIRECT_OBJC_ISA_USAGE = YES_ERROR;
				CLANG_WARN_DOCUMENTATION_COMMENTS = YES;
				CLANG_WARN_EMPTY_BODY = YES;
				CLANG_WARN_ENUM_CONVERSION = YES;
				CLANG_WARN_INFINITE_RECURSION = YES;
				CLANG_WARN_INT_CONVERSION = YES;
				CLANG_WARN_NON_LITERAL_NULL_CONVERSION = YES;
				CLANG_WARN_OBJC_IMPLICIT_RETAIN_SELF = YES;
				CLANG_WARN_OBJC_LITERAL_CONVERSION = YES;
				CLANG_WARN_OBJC_ROOT_CLASS = YES_ERROR;
				CLANG_WARN_QUOTED_INCLUDE_IN_FRAMEWORK_HEADER = YES;
				CLANG_WARN_RANGE_LOOP_ANALYSIS = YES;
				CLANG_WARN_STRICT_PROTOTYPES = YES;
				CLANG_WARN_SUSPICIOUS_MOVE = YES;
				CLANG_WARN_UNGUARDED_AVAILABILITY = YES_AGGRESSIVE;
				CLANG_WARN_UNREACHABLE_CODE = YES;
				CLANG_WARN__DUPLICATE_METHOD_MATCH = YES;
				COPY_PHASE_STRIP = NO;
				DEBUG_INFORMATION_FORMAT = "dwarf-with-dsym";
				ENABLE_NS_ASSERTIONS = NO;
				ENABLE_STRICT_OBJC_MSGSEND = YES;
				ENABLE_USER_SCRIPT_SANDBOXING = YES;
				GCC_C_LANGUAGE_STANDARD = gnu17;
				GCC_NO_COMMON_BLOCKS = YES;
				GCC_WARN_64_TO_32_BIT_CONVERSION = YES;
				GCC_WARN_ABOUT_RETURN_TYPE = YES_ERROR;
				GCC_WARN_UNDECLARED_SELECTOR = YES;
				GCC_WARN_UNINITIALIZED_AUTOS = YES_AGGRESSIVE;
				GCC_WARN_UNUSED_FUNCTION = YES;
				GCC_WARN_UNUSED_VARIABLE = YES;
				IPHONEOS_DEPLOYMENT_TARGET = 17.0;
				LOCALIZATION_PREFERS_STRING_CATALOGS = YES;
				MTL_ENABLE_DEBUG_INFO = NO;
				MTL_FAST_MATH = YES;
				SDKROOT = iphoneos;
				SWIFT_COMPILATION_MODE = wholemodule;
				VALIDATE_PRODUCT = YES;
			};
			name = Release;
		};
		43F8D09A2AD50C7E00E931C0 /* Debug */ = {
			isa = XCBuildConfiguration;
			buildSettings = {
				ASSETCATALOG_COMPILER_APPICON_NAME = AppIcon;
				ASSETCATALOG_COMPILER_GLOBAL_ACCENT_COLOR_NAME = AccentColor;
				CODE_SIGN_STYLE = Automatic;
				CURRENT_PROJECT_VERSION = 1;
				GENERATE_INFOPLIST_FILE = YES;
				INFOPLIST_FILE = AnsungBarnMon/Info.plist;
				INFOPLIST_KEY_UIApplicationSupportsIndirectInputEvents = YES;
				INFOPLIST_KEY_UILaunchStoryboardName = LaunchScreen;
				INFOPLIST_KEY_UIMainStoryboardFile = Main;
				INFOPLIST_KEY_UISupportedInterfaceOrientations_iPad = "UIInterfaceOrientationPortrait UIInterfaceOrientationPortraitUpsideDown UIInterfaceOrientationLandscapeLeft UIInterfaceOrientationLandscapeRight";
				INFOPLIST_KEY_UISupportedInterfaceOrientations_iPhone = "UIInterfaceOrientationPortrait UIInterfaceOrientationLandscapeLeft UIInterfaceOrientationLandscapeRight";
				LD_RUNPATH_SEARCH_PATHS = (
					"$(inherited)",
					"@executable_path/Frameworks",
				);
				MARKETING_VERSION = 1.0;
				PRODUCT_BUNDLE_IDENTIFIER = kr.co.senko.AnsungBarnMon;
				PRODUCT_NAME = "$(TARGET_NAME)";
				SWIFT_EMIT_LOC_STRINGS = YES;
				SWIFT_VERSION = 5.0;
				TARGETED_DEVICE_FAMILY = "1,2";
			};
			name = Debug;
		};
		43F8D09B2AD50C7E00E931C0 /* Release */ = {
			isa = XCBuildConfiguration;
			buildSettings = {
				ASSETCATALOG_COMPILER_APPICON_NAME = AppIcon;
				ASSETCATALOG_COMPILER_GLOBAL_ACCENT_COLOR_NAME = AccentColor;
				CODE_SIGN_STYLE = Automatic;
				CURRENT_PROJECT_VERSION = 1;
				GENERATE_INFOPLIST_FILE = YES;
				INFOPLIST_FILE = AnsungBarnMon/Info.plist;
				INFOPLIST_KEY_UIApplicationSupportsIndirectInputEvents = YES;
				INFOPLIST_KEY_UILaunchStoryboardName = LaunchScreen;
				INFOPLIST_KEY_UIMainStoryboardFile = Main;
				INFOPLIST_KEY_UISupportedInterfaceOrientations_iPad = "UIInterfaceOrientationPortrait UIInterfaceOrientationPortraitUpsideDown UIInterfaceOrientationLandscapeLeft UIInterfaceOrientationLandscapeRight";
				INFOPLIST_KEY_UISupportedInterfaceOrientations_iPhone = "UIInterfaceOrientationPortrait UIInterfaceOrientationLandscapeLeft UIInterfaceOrientationLandscapeRight";
				LD_RUNPATH_SEARCH_PATHS = (
					"$(inherited)",
					"@executable_path/Frameworks",
				);
				MARKETING_VERSION = 1.0;
				PRODUCT_BUNDLE_IDENTIFIER = kr.co.senko.AnsungBarnMon;
				PRODUCT_NAME = "$(TARGET_NAME)";
				SWIFT_EMIT_LOC_STRINGS = YES;
				SWIFT_VERSION = 5.0;
				TARGETED_DEVICE_FAMILY = "1,2";
			};
			name = Release;
		};
		43F8D09D2AD50C7E00E931C0 /* Debug */ = {
			isa = XCBuildConfiguration;
			buildSettings = {
				ALWAYS_EMBED_SWIFT_STANDARD_LIBRARIES = YES;
				BUNDLE_LOADER = "$(TEST_HOST)";
				CODE_SIGN_STYLE = Automatic;
				CURRENT_PROJECT_VERSION = 1;
				GENERATE_INFOPLIST_FILE = YES;
				IPHONEOS_DEPLOYMENT_TARGET = 17.0;
				MARKETING_VERSION = 1.0;
				PRODUCT_BUNDLE_IDENTIFIER = kr.co.senko.AnsungBarnMonTests;
				PRODUCT_NAME = "$(TARGET_NAME)";
				SWIFT_EMIT_LOC_STRINGS = NO;
				SWIFT_VERSION = 5.0;
				TARGETED_DEVICE_FAMILY = "1,2";
				TEST_HOST = "$(BUILT_PRODUCTS_DIR)/AnsungBarnMon.app/$(BUNDLE_EXECUTABLE_FOLDER_PATH)/AnsungBarnMon";
			};
			name = Debug;
		};
		43F8D09E2AD50C7E00E931C0 /* Release */ = {
			isa = XCBuildConfiguration;
			buildSettings = {
				ALWAYS_EMBED_SWIFT_STANDARD_LIBRARIES = YES;
				BUNDLE_LOADER = "$(TEST_HOST)";
				CODE_SIGN_STYLE = Automatic;
				CURRENT_PROJECT_VERSION = 1;
				GENERATE_INFOPLIST_FILE = YES;
				IPHONEOS_DEPLOYMENT_TARGET = 17.0;
				MARKETING_VERSION = 1.0;
				PRODUCT_BUNDLE_IDENTIFIER = kr.co.senko.AnsungBarnMonTests;
				PRODUCT_NAME = "$(TARGET_NAME)";
				SWIFT_EMIT_LOC_STRINGS = NO;
				SWIFT_VERSION = 5.0;
				TARGETED_DEVICE_FAMILY = "1,2";
				TEST_HOST = "$(BUILT_PRODUCTS_DIR)/AnsungBarnMon.app/$(BUNDLE_EXECUTABLE_FOLDER_PATH)/AnsungBarnMon";
			};
			name = Release;
		};
		43F8D0A02AD50C7E00E931C0 /* Debug */ = {
			isa = XCBuildConfiguration;
			buildSettings = {
				ALWAYS_EMBED_SWIFT_STANDARD_LIBRARIES = YES;
				CODE_SIGN_STYLE = Automatic;
				CURRENT_PROJECT_VERSION = 1;
				GENERATE_INFOPLIST_FILE = YES;
				MARKETING_VERSION = 1.0;
				PRODUCT_BUNDLE_IDENTIFIER = kr.co.senko.AnsungBarnMonUITests;
				PRODUCT_NAME = "$(TARGET_NAME)";
				SWIFT_EMIT_LOC_STRINGS = NO;
				SWIFT_VERSION = 5.0;
				TARGETED_DEVICE_FAMILY = "1,2";
				TEST_TARGET_NAME = AnsungBarnMon;
			};
			name = Debug;
		};
		43F8D0A12AD50C7E00E931C0 /* Release */ = {
			isa = XCBuildConfiguration;
			buildSettings = {
				ALWAYS_EMBED_SWIFT_STANDARD_LIBRARIES = YES;
				CODE_SIGN_STYLE = Automatic;
				CURRENT_PROJECT_VERSION = 1;
				GENERATE_INFOPLIST_FILE = YES;
				MARKETING_VERSION = 1.0;
				PRODUCT_BUNDLE_IDENTIFIER = kr.co.senko.AnsungBarnMonUITests;
				PRODUCT_NAME = "$(TARGET_NAME)";
				SWIFT_EMIT_LOC_STRINGS = NO;
				SWIFT_VERSION = 5.0;
				TARGETED_DEVICE_FAMILY = "1,2";
				TEST_TARGET_NAME = AnsungBarnMon;
			};
			name = Release;
		};
/* End XCBuildConfiguration section */

/* Begin XCConfigurationList section */
		43F8D06A2AD50C7D00E931C0 /* Build configuration list for PBXProject "AnsungBarnMon" */ = {
			isa = XCConfigurationList;
			buildConfigurations = (
				43F8D0972AD50C7E00E931C0 /* Debug */,
				43F8D0982AD50C7E00E931C0 /* Release */,
			);
			defaultConfigurationIsVisible = 0;
			defaultConfigurationName = Release;
		};
		43F8D0992AD50C7E00E931C0 /* Build configuration list for PBXNativeTarget "AnsungBarnMon" */ = {
			isa = XCConfigurationList;
			buildConfigurations = (
				43F8D09A2AD50C7E00E931C0 /* Debug */,
				43F8D09B2AD50C7E00E931C0 /* Release */,
			);
			defaultConfigurationIsVisible = 0;
			defaultConfigurationName = Release;
		};
		43F8D09C2AD50C7E00E931C0 /* Build configuration list for PBXNativeTarget "AnsungBarnMonTests" */ = {
			isa = XCConfigurationList;
			buildConfigurations = (
				43F8D09D2AD50C7E00E931C0 /* Debug */,
				43F8D09E2AD50C7E00E931C0 /* Release */,
			);
			defaultConfigurationIsVisible = 0;
			defaultConfigurationName = Release;
		};
		43F8D09F2AD50C7E00E931C0 /* Build configuration list for PBXNativeTarget "AnsungBarnMonUITests" */ = {
			isa = XCConfigurationList;
			buildConfigurations = (
				43F8D0A02AD50C7E00E931C0 /* Debug */,
				43F8D0A12AD50C7E00E931C0 /* Release */,
			);
			defaultConfigurationIsVisible = 0;
			defaultConfigurationName = Release;
		};
/* End XCConfigurationList section */
	};
	rootObject = 43F8D0672AD50C7D00E931C0 /* Project object */;
}
