// !$*UTF8*$!
{
	archiveVersion = 1;
	classes = {
	};
	objectVersion = 56;
	objects = {

/* Begin PBXBuildFile section */
		43136D762AE4D7D6003B9592 /* emoticon1.png in Resources */ = {isa = PBXBuildFile; fileRef = 43582C9E2ADBA2AB0016A187 /* emoticon1.png */; };
		43136D772AE4D7D6003B9592 /* emoticon3.png in Resources */ = {isa = PBXBuildFile; fileRef = 43582CA72ADBA2C40016A187 /* emoticon3.png */; };
		43136D782AE4D7D6003B9592 /* menu_btn.png in Resources */ = {isa = PBXBuildFile; fileRef = 43582CAE2ADBA2CF0016A187 /* menu_btn.png */; };
		43136D792AE4D7D6003B9592 /* icon-spot.png in Resources */ = {isa = PBXBuildFile; fileRef = 43582CBA2ADBA2DE0016A187 /* icon-spot.png */; };
		43136D7A2AE4D7D6003B9592 /* intro.png in Resources */ = {isa = PBXBuildFile; fileRef = 43582CB22ADBA2D50016A187 /* intro.png */; };
		43136D7B2AE4D7D6003B9592 /* emoticon4.png in Resources */ = {isa = PBXBuildFile; fileRef = 43582CAB2ADBA2C80016A187 /* emoticon4.png */; };
		43136D7C2AE4D7D6003B9592 /* logo.png in Resources */ = {isa = PBXBuildFile; fileRef = 43582CB62ADBA2DA0016A187 /* logo.png */; };
		43136D7D2AE4D7D6003B9592 /* emoticon2.png in Resources */ = {isa = PBXBuildFile; fileRef = 43582CA32ADBA2BE0016A187 /* emoticon2.png */; };
		43136D822AE780FD003B9592 /* data.swift in Sources */ = {isa = PBXBuildFile; fileRef = 43136D812AE780FD003B9592 /* data.swift */; };
		4313DFA12AE8E04300FC2155 /* SideMenuNavi.swift in Sources */ = {isa = PBXBuildFile; fileRef = 4313DFA02AE8E04300FC2155 /* SideMenuNavi.swift */; };
		4313DFA32AE8E46100FC2155 /* SideMenuController.swift in Sources */ = {isa = PBXBuildFile; fileRef = 4313DFA22AE8E46100FC2155 /* SideMenuController.swift */; };
		4313DFA72AE902C500FC2155 /* MenuStyle.swift in Sources */ = {isa = PBXBuildFile; fileRef = 4313DFA62AE902C500FC2155 /* MenuStyle.swift */; };
		4387A6B02AEAA3B400CD65B9 /* DBrequest.swift in Sources */ = {isa = PBXBuildFile; fileRef = 4387A6AF2AEAA3B400CD65B9 /* DBrequest.swift */; };
		4387A6B32AEAC00F00CD65B9 /* Util.swift in Sources */ = {isa = PBXBuildFile; fileRef = 4387A6B22AEAC00F00CD65B9 /* Util.swift */; };
		43B177AD2AF1618800DB17C2 /* Reachability.swift in Sources */ = {isa = PBXBuildFile; fileRef = 43B177AC2AF1618800DB17C2 /* Reachability.swift */; };
		43DAF8802AF005EA0036E8B5 /* WebKit.framework in Frameworks */ = {isa = PBXBuildFile; fileRef = 43DAF87F2AF005EA0036E8B5 /* WebKit.framework */; };
		43DAF8842AF007AE0036E8B5 /* WebViewController.swift in Sources */ = {isa = PBXBuildFile; fileRef = 43DAF8832AF007AE0036E8B5 /* WebViewController.swift */; };
		43DAF8872AF0946D0036E8B5 /* PopupViewController.swift in Sources */ = {isa = PBXBuildFile; fileRef = 43DAF8862AF0946D0036E8B5 /* PopupViewController.swift */; };
		43DAF8892AF094B40036E8B5 /* Popup.storyboard in Resources */ = {isa = PBXBuildFile; fileRef = 43DAF8882AF094B40036E8B5 /* Popup.storyboard */; };
		43F8D0732AD50C7D00E931C0 /* AppDelegate.swift in Sources */ = {isa = PBXBuildFile; fileRef = 43F8D0722AD50C7D00E931C0 /* AppDelegate.swift */; };
		43F8D0752AD50C7E00E931C0 /* SceneDelegate.swift in Sources */ = {isa = PBXBuildFile; fileRef = 43F8D0742AD50C7E00E931C0 /* SceneDelegate.swift */; };
		43F8D0772AD50C7E00E931C0 /* ViewController.swift in Sources */ = {isa = PBXBuildFile; fileRef = 43F8D0762AD50C7E00E931C0 /* ViewController.swift */; };
		43F8D07A2AD50C7E00E931C0 /* Main.storyboard in Resources */ = {isa = PBXBuildFile; fileRef = 43F8D0782AD50C7E00E931C0 /* Main.storyboard */; };
		43F8D07C2AD50C7E00E931C0 /* Assets.xcassets in Resources */ = {isa = PBXBuildFile; fileRef = 43F8D07B2AD50C7E00E931C0 /* Assets.xcassets */; };
		43F8D07F2AD50C7E00E931C0 /* LaunchScreen.storyboard in Resources */ = {isa = PBXBuildFile; fileRef = 43F8D07D2AD50C7E00E931C0 /* LaunchScreen.storyboard */; };
		43F8D08A2AD50C7E00E931C0 /* AnsungBarnMonTests.swift in Sources */ = {isa = PBXBuildFile; fileRef = 43F8D0892AD50C7E00E931C0 /* AnsungBarnMonTests.swift */; };
		43F8D0942AD50C7E00E931C0 /* AnsungBarnMonUITests.swift in Sources */ = {isa = PBXBuildFile; fileRef = 43F8D0932AD50C7E00E931C0 /* AnsungBarnMonUITests.swift */; };
		43F8D0962AD50C7E00E931C0 /* AnsungBarnMonUITestsLaunchTests.swift in Sources */ = {isa = PBXBuildFile; fileRef = 43F8D0952AD50C7E00E931C0 /* AnsungBarnMonUITestsLaunchTests.swift */; };
		9257B4E02350C59D7DF67080 /* Pods_AnsungBarnMon_AnsungBarnMonUITests.framework in Frameworks */ = {isa = PBXBuildFile; fileRef = 3F039D66E870B65CA56196A9 /* Pods_AnsungBarnMon_AnsungBarnMonUITests.framework */; };
		9EB22F8AE5A5D861AC291D40 /* Pods_AnsungBarnMon.framework in Frameworks */ = {isa = PBXBuildFile; fileRef = E98A36207D3A51A36F6A6F4E /* Pods_AnsungBarnMon.framework */; };
		C511585A4C323572FC2D3CA8 /* Pods_AnsungBarnMonTests.framework in Frameworks */ = {isa = PBXBuildFile; fileRef = 2A6D996E01B9F947BEDDAEAB /* Pods_AnsungBarnMonTests.framework */; };
/* End PBXBuildFile section */

/* Begin PBXContainerItemProxy section */
		43F8D0862AD50C7E00E931C0 /* PBXContainerItemProxy */ = {
			isa = PBXContainerItemProxy;
			containerPortal = 43F8D0672AD50C7D00E931C0 /* Project object */;
			proxyType = 1;
			remoteGlobalIDString = 43F8D06E2AD50C7D00E931C0;
			remoteInfo = AnsungBarnMon;
		};
		43F8D0902AD50C7E00E931C0 /* PBXContainerItemProxy */ = {
			isa = PBXContainerItemProxy;
			containerPortal = 43F8D0672AD50C7D00E931C0 /* Project object */;
			proxyType = 1;
			remoteGlobalIDString = 43F8D06E2AD50C7D00E931C0;
			remoteInfo = AnsungBarnMon;
		};
/* End PBXContainerItemProxy section */

/* Begin PBXFileReference section */
		0030146BD871DBBAAD8151D8 /* Pods-AnsungBarnMon-AnsungBarnMonUITests.release.xcconfig */ = {isa = PBXFileReference; includeInIndex = 1; lastKnownFileType = text.xcconfig; name = "Pods-AnsungBarnMon-AnsungBarnMonUITests.release.xcconfig"; path = "Target Support Files/Pods-AnsungBarnMon-AnsungBarnMonUITests/Pods-AnsungBarnMon-AnsungBarnMonUITests.release.xcconfig"; sourceTree = "<group>"; };
		12ACE4BF1E627D685AE637FF /* Pods-AnsungBarnMon.release.xcconfig */ = {isa = PBXFileReference; includeInIndex = 1; lastKnownFileType = text.xcconfig; name = "Pods-AnsungBarnMon.release.xcconfig"; path = "Target Support Files/Pods-AnsungBarnMon/Pods-AnsungBarnMon.release.xcconfig"; sourceTree = "<group>"; };
		2A6D996E01B9F947BEDDAEAB /* Pods_AnsungBarnMonTests.framework */ = {isa = PBXFileReference; explicitFileType = wrapper.framework; includeInIndex = 0; path = Pods_AnsungBarnMonTests.framework; sourceTree = BUILT_PRODUCTS_DIR; };
		3F039D66E870B65CA56196A9 /* Pods_AnsungBarnMon_AnsungBarnMonUITests.framework */ = {isa = PBXFileReference; explicitFileType = wrapper.framework; includeInIndex = 0; path = Pods_AnsungBarnMon_AnsungBarnMonUITests.framework; sourceTree = BUILT_PRODUCTS_DIR; };
		43136D812AE780FD003B9592 /* data.swift */ = {isa = PBXFileReference; lastKnownFileType = sourcecode.swift; path = data.swift; sourceTree = "<group>"; };
		4313DFA02AE8E04300FC2155 /* SideMenuNavi.swift */ = {isa = PBXFileReference; lastKnownFileType = sourcecode.swift; path = SideMenuNavi.swift; sourceTree = "<group>"; };
		4313DFA22AE8E46100FC2155 /* SideMenuController.swift */ = {isa = PBXFileReference; lastKnownFileType = sourcecode.swift; path = SideMenuController.swift; sourceTree = "<group>"; };
		4313DFA62AE902C500FC2155 /* MenuStyle.swift */ = {isa = PBXFileReference; lastKnownFileType = sourcecode.swift; path = MenuStyle.swift; sourceTree = "<group>"; };
		43582C9D2ADBA2AB0016A187 /* Base */ = {isa = PBXFileReference; lastKnownFileType = image.png; name = Base; path = Base.lproj/emoticon1.png; sourceTree = "<group>"; };
		43582CA22ADBA2BE0016A187 /* Base */ = {isa = PBXFileReference; lastKnownFileType = image.png; name = Base; path = Base.lproj/emoticon2.png; sourceTree = "<group>"; };
		43582CA62ADBA2C40016A187 /* Base */ = {isa = PBXFileReference; lastKnownFileType = image.png; name = Base; path = Base.lproj/emoticon3.png; sourceTree = "<group>"; };
		43582CAA2ADBA2C80016A187 /* Base */ = {isa = PBXFileReference; lastKnownFileType = image.png; name = Base; path = Base.lproj/emoticon4.png; sourceTree = "<group>"; };
		43582CAD2ADBA2CF0016A187 /* Base */ = {isa = PBXFileReference; lastKnownFileType = image.png; name = Base; path = Base.lproj/menu_btn.png; sourceTree = "<group>"; };
		43582CB12ADBA2D50016A187 /* Base */ = {isa = PBXFileReference; lastKnownFileType = image.png; name = Base; path = Base.lproj/intro.png; sourceTree = "<group>"; };
		43582CB52ADBA2DA0016A187 /* Base */ = {isa = PBXFileReference; lastKnownFileType = image.png; name = Base; path = Base.lproj/logo.png; sourceTree = "<group>"; };
		43582CB92ADBA2DE0016A187 /* Base */ = {isa = PBXFileReference; lastKnownFileType = image.png; name = Base; path = "Base.lproj/icon-spot.png"; sourceTree = "<group>"; };
		4387A6AF2AEAA3B400CD65B9 /* DBrequest.swift */ = {isa = PBXFileReference; lastKnownFileType = sourcecode.swift; path = DBrequest.swift; sourceTree = "<group>"; };
		4387A6B22AEAC00F00CD65B9 /* Util.swift */ = {isa = PBXFileReference; lastKnownFileType = sourcecode.swift; path = Util.swift; sourceTree = "<group>"; };
		438871412AF2A9CD0092BF97 /* SideMenu.framework */ = {isa = PBXFileReference; explicitFileType = wrapper.framework; path = SideMenu.framework; sourceTree = BUILT_PRODUCTS_DIR; };
		43B177AC2AF1618800DB17C2 /* Reachability.swift */ = {isa = PBXFileReference; lastKnownFileType = sourcecode.swift; path = Reachability.swift; sourceTree = "<group>"; };
		43DAF87F2AF005EA0036E8B5 /* WebKit.framework */ = {isa = PBXFileReference; lastKnownFileType = wrapper.framework; name = WebKit.framework; path = System/Library/Frameworks/WebKit.framework; sourceTree = SDKROOT; };
		43DAF8832AF007AE0036E8B5 /* WebViewController.swift */ = {isa = PBXFileReference; lastKnownFileType = sourcecode.swift; path = WebViewController.swift; sourceTree = "<group>"; };
		43DAF8862AF0946D0036E8B5 /* PopupViewController.swift */ = {isa = PBXFileReference; lastKnownFileType = sourcecode.swift; path = PopupViewController.swift; sourceTree = "<group>"; };
		43DAF8882AF094B40036E8B5 /* Popup.storyboard */ = {isa = PBXFileReference; lastKnownFileType = file.storyboard; path = Popup.storyboard; sourceTree = "<group>"; };
		43F8D06F2AD50C7D00E931C0 /* AnsungBarnMon.app */ = {isa = PBXFileReference; explicitFileType = wrapper.application; includeInIndex = 0; path = AnsungBarnMon.app; sourceTree = BUILT_PRODUCTS_DIR; };
		43F8D0722AD50C7D00E931C0 /* AppDelegate.swift */ = {isa = PBXFileReference; lastKnownFileType = sourcecode.swift; path = AppDelegate.swift; sourceTree = "<group>"; };
		43F8D0742AD50C7E00E931C0 /* SceneDelegate.swift */ = {isa = PBXFileReference; lastKnownFileType = sourcecode.swift; path = SceneDelegate.swift; sourceTree = "<group>"; };
		43F8D0762AD50C7E00E931C0 /* ViewController.swift */ = {isa = PBXFileReference; lastKnownFileType = sourcecode.swift; path = ViewController.swift; sourceTree = "<group>"; };
		43F8D0792AD50C7E00E931C0 /* Base */ = {isa = PBXFileReference; lastKnownFileType = file.storyboard; name = Base; path = Base.lproj/Main.storyboard; sourceTree = "<group>"; };
		43F8D07B2AD50C7E00E931C0 /* Assets.xcassets */ = {isa = PBXFileReference; lastKnownFileType = folder.assetcatalog; path = Assets.xcassets; sourceTree = "<group>"; };
		43F8D07E2AD50C7E00E931C0 /* Base */ = {isa = PBXFileReference; lastKnownFileType = file.storyboard; name = Base; path = Base.lproj/LaunchScreen.storyboard; sourceTree = "<group>"; };
		43F8D0802AD50C7E00E931C0 /* Info.plist */ = {isa = PBXFileReference; lastKnownFileType = text.plist.xml; path = Info.plist; sourceTree = "<group>"; };
		43F8D0852AD50C7E00E931C0 /* AnsungBarnMonTests.xctest */ = {isa = PBXFileReference; explicitFileType = wrapper.cfbundle; includeInIndex = 0; path = AnsungBarnMonTests.xctest; sourceTree = BUILT_PRODUCTS_DIR; };
		43F8D0892AD50C7E00E931C0 /* AnsungBarnMonTests.swift */ = {isa = PBXFileReference; lastKnownFileType = sourcecode.swift; path = AnsungBarnMonTests.swift; sourceTree = "<group>"; };
		43F8D08F2AD50C7E00E931C0 /* AnsungBarnMonUITests.xctest */ = {isa = PBXFileReference; explicitFileType = wrapper.cfbundle; includeInIndex = 0; path = AnsungBarnMonUITests.xctest; sourceTree = BUILT_PRODUCTS_DIR; };
		43F8D0932AD50C7E00E931C0 /* AnsungBarnMonUITests.swift */ = {isa = PBXFileReference; lastKnownFileType = sourcecode.swift; path = AnsungBarnMonUITests.swift; sourceTree = "<group>"; };
		43F8D0952AD50C7E00E931C0 /* AnsungBarnMonUITestsLaunchTests.swift */ = {isa = PBXFileReference; lastKnownFileType = sourcecode.swift; path = AnsungBarnMonUITestsLaunchTests.swift; sourceTree = "<group>"; };
		5F7841DE9BD6AA56F69B7240 /* Pods-AnsungBarnMonTests.debug.xcconfig */ = {isa = PBXFileReference; includeInIndex = 1; lastKnownFileType = text.xcconfig; name = "Pods-AnsungBarnMonTests.debug.xcconfig"; path = "Target Support Files/Pods-AnsungBarnMonTests/Pods-AnsungBarnMonTests.debug.xcconfig"; sourceTree = "<group>"; };
		6245623E000E257C58975A0A /* Pods-AnsungBarnMon.debug.xcconfig */ = {isa = PBXFileReference; includeInIndex = 1; lastKnownFileType = text.xcconfig; name = "Pods-AnsungBarnMon.debug.xcconfig"; path = "Target Support Files/Pods-AnsungBarnMon/Pods-AnsungBarnMon.debug.xcconfig"; sourceTree = "<group>"; };
		BDA94DB17C40C419D4463715 /* Pods-AnsungBarnMonTests.release.xcconfig */ = {isa = PBXFileReference; includeInIndex = 1; lastKnownFileType = text.xcconfig; name = "Pods-AnsungBarnMonTests.release.xcconfig"; path = "Target Support Files/Pods-AnsungBarnMonTests/Pods-AnsungBarnMonTests.release.xcconfig"; sourceTree = "<group>"; };
		CC25577F28422DB0ED7B51E9 /* Pods-AnsungBarnMon-AnsungBarnMonUITests.debug.xcconfig */ = {isa = PBXFileReference; includeInIndex = 1; lastKnownFileType = text.xcconfig; name = "Pods-AnsungBarnMon-AnsungBarnMonUITests.debug.xcconfig"; path = "Target Support Files/Pods-AnsungBarnMon-AnsungBarnMonUITests/Pods-AnsungBarnMon-AnsungBarnMonUITests.debug.xcconfig"; sourceTree = "<group>"; };
		E98A36207D3A51A36F6A6F4E /* Pods_AnsungBarnMon.framework */ = {isa = PBXFileReference; explicitFileType = wrapper.framework; includeInIndex = 0; path = Pods_AnsungBarnMon.framework; sourceTree = BUILT_PRODUCTS_DIR; };
/* End PBXFileReference section */

/* Begin PBXFrameworksBuildPhase section */
		43F8D06C2AD50C7D00E931C0 /* Frameworks */ = {
			isa = PBXFrameworksBuildPhase;
			buildActionMask = 2147483647;
			files = (
				43DAF8802AF005EA0036E8B5 /* WebKit.framework in Frameworks */,
				9EB22F8AE5A5D861AC291D40 /* Pods_AnsungBarnMon.framework in Frameworks */,
			);
			runOnlyForDeploymentPostprocessing = 0;
		};
		43F8D0822AD50C7E00E931C0 /* Frameworks */ = {
			isa = PBXFrameworksBuildPhase;
			buildActionMask = 2147483647;
			files = (
				C511585A4C323572FC2D3CA8 /* Pods_AnsungBarnMonTests.framework in Frameworks */,
			);
			runOnlyForDeploymentPostprocessing = 0;
		};
		43F8D08C2AD50C7E00E931C0 /* Frameworks */ = {
			isa = PBXFrameworksBuildPhase;
			buildActionMask = 2147483647;
			files = (
				9257B4E02350C59D7DF67080 /* Pods_AnsungBarnMon_AnsungBarnMonUITests.framework in Frameworks */,
			);
			runOnlyForDeploymentPostprocessing = 0;
		};
/* End PBXFrameworksBuildPhase section */

/* Begin PBXGroup section */
		43582C912ADB9AED0016A187 /* images */ = {
			isa = PBXGroup;
			children = (
				43582C9E2ADBA2AB0016A187 /* emoticon1.png */,
				43582CA32ADBA2BE0016A187 /* emoticon2.png */,
				43582CA72ADBA2C40016A187 /* emoticon3.png */,
				43582CAB2ADBA2C80016A187 /* emoticon4.png */,
				43582CAE2ADBA2CF0016A187 /* menu_btn.png */,
				43582CB22ADBA2D50016A187 /* intro.png */,
				43582CB62ADBA2DA0016A187 /* logo.png */,
				43582CBA2ADBA2DE0016A187 /* icon-spot.png */,
			);
			path = images;
			sourceTree = "<group>";
		};
		4387A6AE2AEAA39700CD65B9 /* DB */ = {
			isa = PBXGroup;
			children = (
				4387A6AF2AEAA3B400CD65B9 /* DBrequest.swift */,
			);
			path = DB;
			sourceTree = "<group>";
		};
		4387A6B12AEABFED00CD65B9 /* Util */ = {
			isa = PBXGroup;
			children = (
				4387A6B22AEAC00F00CD65B9 /* Util.swift */,
				43B177AC2AF1618800DB17C2 /* Reachability.swift */,
			);
			path = Util;
			sourceTree = "<group>";
		};
		43DAF8852AF093F50036E8B5 /* Popup */ = {
			isa = PBXGroup;
			children = (
				43DAF8862AF0946D0036E8B5 /* PopupViewController.swift */,
				43DAF8882AF094B40036E8B5 /* Popup.storyboard */,
			);
			path = Popup;
			sourceTree = "<group>";
		};
		43F8D0662AD50C7D00E931C0 = {
			isa = PBXGroup;
			children = (
				43F8D0712AD50C7D00E931C0 /* AnsungBarnMon */,
				43F8D0882AD50C7E00E931C0 /* AnsungBarnMonTests */,
				43F8D0922AD50C7E00E931C0 /* AnsungBarnMonUITests */,
				43F8D0702AD50C7D00E931C0 /* Products */,
				66B8AC890005C2F8449C123F /* Pods */,
				A28B3D14A029A1D23C9627CF /* Frameworks */,
			);
			sourceTree = "<group>";
		};
		43F8D0702AD50C7D00E931C0 /* Products */ = {
			isa = PBXGroup;
			children = (
				43F8D06F2AD50C7D00E931C0 /* AnsungBarnMon.app */,
				43F8D0852AD50C7E00E931C0 /* AnsungBarnMonTests.xctest */,
				43F8D08F2AD50C7E00E931C0 /* AnsungBarnMonUITests.xctest */,
			);
			name = Products;
			sourceTree = "<group>";
		};
		43F8D0712AD50C7D00E931C0 /* AnsungBarnMon */ = {
			isa = PBXGroup;
			children = (
				43DAF8852AF093F50036E8B5 /* Popup */,
				4387A6B12AEABFED00CD65B9 /* Util */,
				4387A6AE2AEAA39700CD65B9 /* DB */,
				43F8D0722AD50C7D00E931C0 /* AppDelegate.swift */,
				43F8D0742AD50C7E00E931C0 /* SceneDelegate.swift */,
				43F8D0762AD50C7E00E931C0 /* ViewController.swift */,
				43F8D0782AD50C7E00E931C0 /* Main.storyboard */,
				43F8D07B2AD50C7E00E931C0 /* Assets.xcassets */,
				43582C912ADB9AED0016A187 /* images */,
				43F8D07D2AD50C7E00E931C0 /* LaunchScreen.storyboard */,
				43F8D0802AD50C7E00E931C0 /* Info.plist */,
				43136D812AE780FD003B9592 /* data.swift */,
				4313DFA02AE8E04300FC2155 /* SideMenuNavi.swift */,
				4313DFA22AE8E46100FC2155 /* SideMenuController.swift */,
				4313DFA62AE902C500FC2155 /* MenuStyle.swift */,
				43DAF8832AF007AE0036E8B5 /* WebViewController.swift */,
			);
			path = AnsungBarnMon;
			sourceTree = "<group>";
		};
		43F8D0882AD50C7E00E931C0 /* AnsungBarnMonTests */ = {
			isa = PBXGroup;
			children = (
				43F8D0892AD50C7E00E931C0 /* AnsungBarnMonTests.swift */,
			);
			path = AnsungBarnMonTests;
			sourceTree = "<group>";
		};
		43F8D0922AD50C7E00E931C0 /* AnsungBarnMonUITests */ = {
			isa = PBXGroup;
			children = (
				43F8D0932AD50C7E00E931C0 /* AnsungBarnMonUITests.swift */,
				43F8D0952AD50C7E00E931C0 /* AnsungBarnMonUITestsLaunchTests.swift */,
			);
			path = AnsungBarnMonUITests;
			sourceTree = "<group>";
		};
		66B8AC890005C2F8449C123F /* Pods */ = {
			isa = PBXGroup;
			children = (
				6245623E000E257C58975A0A /* Pods-AnsungBarnMon.debug.xcconfig */,
				12ACE4BF1E627D685AE637FF /* Pods-AnsungBarnMon.release.xcconfig */,
				CC25577F28422DB0ED7B51E9 /* Pods-AnsungBarnMon-AnsungBarnMonUITests.debug.xcconfig */,
				0030146BD871DBBAAD8151D8 /* Pods-AnsungBarnMon-AnsungBarnMonUITests.release.xcconfig */,
				5F7841DE9BD6AA56F69B7240 /* Pods-AnsungBarnMonTests.debug.xcconfig */,
				BDA94DB17C40C419D4463715 /* Pods-AnsungBarnMonTests.release.xcconfig */,
			);
			path = Pods;
			sourceTree = "<group>";
		};
		A28B3D14A029A1D23C9627CF /* Frameworks */ = {
			isa = PBXGroup;
			children = (
				438871412AF2A9CD0092BF97 /* SideMenu.framework */,
				43DAF87F2AF005EA0036E8B5 /* WebKit.framework */,
				E98A36207D3A51A36F6A6F4E /* Pods_AnsungBarnMon.framework */,
				3F039D66E870B65CA56196A9 /* Pods_AnsungBarnMon_AnsungBarnMonUITests.framework */,
				2A6D996E01B9F947BEDDAEAB /* Pods_AnsungBarnMonTests.framework */,
			);
			name = Frameworks;
			sourceTree = "<group>";
		};
/* End PBXGroup section */

/* Begin PBXNativeTarget section */
		43F8D06E2AD50C7D00E931C0 /* AnsungBarnMon */ = {
			isa = PBXNativeTarget;
			buildConfigurationList = 43F8D0992AD50C7E00E931C0 /* Build configuration list for PBXNativeTarget "AnsungBarnMon" */;
			buildPhases = (
				715CB5DB96BA570727B6BFAD /* [CP] Check Pods Manifest.lock */,
				43F8D06B2AD50C7D00E931C0 /* Sources */,
				43F8D06C2AD50C7D00E931C0 /* Frameworks */,
				43F8D06D2AD50C7D00E931C0 /* Resources */,
				A0C5D7D915F54A52A4906BDF /* [CP] Embed Pods Frameworks */,
			);
			buildRules = (
			);
			dependencies = (
			);
			name = AnsungBarnMon;
			productName = AnsungBarnMon;
			productReference = 43F8D06F2AD50C7D00E931C0 /* AnsungBarnMon.app */;
			productType = "com.apple.product-type.application";
		};
		43F8D0842AD50C7E00E931C0 /* AnsungBarnMonTests */ = {
			isa = PBXNativeTarget;
			buildConfigurationList = 43F8D09C2AD50C7E00E931C0 /* Build configuration list for PBXNativeTarget "AnsungBarnMonTests" */;
			buildPhases = (
				3D2C9F37CC293A0600277B32 /* [CP] Check Pods Manifest.lock */,
				43F8D0812AD50C7E00E931C0 /* Sources */,
				43F8D0822AD50C7E00E931C0 /* Frameworks */,
				43F8D0832AD50C7E00E931C0 /* Resources */,
			);
			buildRules = (
			);
			dependencies = (
				43F8D0872AD50C7E00E931C0 /* PBXTargetDependency */,
			);
			name = AnsungBarnMonTests;
			productName = AnsungBarnMonTests;
			productReference = 43F8D0852AD50C7E00E931C0 /* AnsungBarnMonTests.xctest */;
			productType = "com.apple.product-type.bundle.unit-test";
		};
		43F8D08E2AD50C7E00E931C0 /* AnsungBarnMonUITests */ = {
			isa = PBXNativeTarget;
			buildConfigurationList = 43F8D09F2AD50C7E00E931C0 /* Build configuration list for PBXNativeTarget "AnsungBarnMonUITests" */;
			buildPhases = (
				E74D4A6679BE18233B75C7B4 /* [CP] Check Pods Manifest.lock */,
				43F8D08B2AD50C7E00E931C0 /* Sources */,
				43F8D08C2AD50C7E00E931C0 /* Frameworks */,
				43F8D08D2AD50C7E00E931C0 /* Resources */,
				49904E40339982314346D20D /* [CP] Embed Pods Frameworks */,
			);
			buildRules = (
			);
			dependencies = (
				43F8D0912AD50C7E00E931C0 /* PBXTargetDependency */,
			);
			name = AnsungBarnMonUITests;
			productName = AnsungBarnMonUITests;
			productReference = 43F8D08F2AD50C7E00E931C0 /* AnsungBarnMonUITests.xctest */;
			productType = "com.apple.product-type.bundle.ui-testing";
		};
/* End PBXNativeTarget section */

/* Begin PBXProject section */
		43F8D0672AD50C7D00E931C0 /* Project object */ = {
			isa = PBXProject;
			attributes = {
				BuildIndependentTargetsInParallel = 1;
				LastSwiftUpdateCheck = 1500;
				LastUpgradeCheck = 1500;
				TargetAttributes = {
					43F8D06E2AD50C7D00E931C0 = {
						CreatedOnToolsVersion = 15.0;
					};
					43F8D0842AD50C7E00E931C0 = {
						CreatedOnToolsVersion = 15.0;
						TestTargetID = 43F8D06E2AD50C7D00E931C0;
					};
					43F8D08E2AD50C7E00E931C0 = {
						CreatedOnToolsVersion = 15.0;
						TestTargetID = 43F8D06E2AD50C7D00E931C0;
					};
				};
			};
			buildConfigurationList = 43F8D06A2AD50C7D00E931C0 /* Build configuration list for PBXProject "AnsungBarnMon" */;
			compatibilityVersion = "Xcode 14.0";
			developmentRegion = en;
			hasScannedForEncodings = 0;
			knownRegions = (
				en,
				Base,
			);
			mainGroup = 43F8D0662AD50C7D00E931C0;
			productRefGroup = 43F8D0702AD50C7D00E931C0 /* Products */;
			projectDirPath = "";
			projectRoot = "";
			targets = (
				43F8D06E2AD50C7D00E931C0 /* AnsungBarnMon */,
				43F8D0842AD50C7E00E931C0 /* AnsungBarnMonTests */,
				43F8D08E2AD50C7E00E931C0 /* AnsungBarnMonUITests */,
			);
		};
/* End PBXProject section */

/* Begin PBXResourcesBuildPhase section */
		43F8D06D2AD50C7D00E931C0 /* Resources */ = {
			isa = PBXResourcesBuildPhase;
			buildActionMask = 2147483647;
			files = (
				43136D7A2AE4D7D6003B9592 /* intro.png in Resources */,
				43F8D07F2AD50C7E00E931C0 /* LaunchScreen.storyboard in Resources */,
				43136D792AE4D7D6003B9592 /* icon-spot.png in Resources */,
				43DAF8892AF094B40036E8B5 /* Popup.storyboard in Resources */,
				43136D7D2AE4D7D6003B9592 /* emoticon2.png in Resources */,
				43136D7B2AE4D7D6003B9592 /* emoticon4.png in Resources */,
				43136D782AE4D7D6003B9592 /* menu_btn.png in Resources */,
				43F8D07C2AD50C7E00E931C0 /* Assets.xcassets in Resources */,
				43136D7C2AE4D7D6003B9592 /* logo.png in Resources */,
				43136D772AE4D7D6003B9592 /* emoticon3.png in Resources */,
				43F8D07A2AD50C7E00E931C0 /* Main.storyboard in Resources */,
				43136D762AE4D7D6003B9592 /* emoticon1.png in Resources */,
			);
			runOnlyForDeploymentPostprocessing = 0;
		};
		43F8D0832AD50C7E00E931C0 /* Resources */ = {
			isa = PBXResourcesBuildPhase;
			buildActionMask = 2147483647;
			files = (
			);
			runOnlyForDeploymentPostprocessing = 0;
		};
		43F8D08D2AD50C7E00E931C0 /* Resources */ = {
			isa = PBXResourcesBuildPhase;
			buildActionMask = 2147483647;
			files = (
			);
			runOnlyForDeploymentPostprocessing = 0;
		};
/* End PBXResourcesBuildPhase section */

/* Begin PBXShellScriptBuildPhase section */
		3D2C9F37CC293A0600277B32 /* [CP] Check Pods Manifest.lock */ = {
			isa = PBXShellScriptBuildPhase;
			buildActionMask = 2147483647;
			files = (
			);
			inputFileListPaths = (
			);
			inputPaths = (
				"${PODS_PODFILE_DIR_PATH}/Podfile.lock",
				"${PODS_ROOT}/Manifest.lock",
			);
			name = "[CP] Check Pods Manifest.lock";
			outputFileListPaths = (
			);
			outputPaths = (
				"$(DERIVED_FILE_DIR)/Pods-AnsungBarnMonTests-checkManifestLockResult.txt",
			);
			runOnlyForDeploymentPostprocessing = 0;
			shellPath = /bin/sh;
			shellScript = "diff \"${PODS_PODFILE_DIR_PATH}/Podfile.lock\" \"${PODS_ROOT}/Manifest.lock\" > /dev/null\nif [ $? != 0 ] ; then\n    # print error to STDERR\n    echo \"error: The sandbox is not in sync with the Podfile.lock. Run 'pod install' or update your CocoaPods installation.\" >&2\n    exit 1\nfi\n# This output is used by Xcode 'outputs' to avoid re-running this script phase.\necho \"SUCCESS\" > \"${SCRIPT_OUTPUT_FILE_0}\"\n";
			showEnvVarsInLog = 0;
		};
		49904E40339982314346D20D /* [CP] Embed Pods Frameworks */ = {
			isa = PBXShellScriptBuildPhase;
			buildActionMask = 2147483647;
			files = (
			);
			inputFileListPaths = (
				"${PODS_ROOT}/Target Support Files/Pods-AnsungBarnMon-AnsungBarnMonUITests/Pods-AnsungBarnMon-AnsungBarnMonUITests-frameworks-${CONFIGURATION}-input-files.xcfilelist",
			);
			name = "[CP] Embed Pods Frameworks";
			outputFileListPaths = (
				"${PODS_ROOT}/Target Support Files/Pods-AnsungBarnMon-AnsungBarnMonUITests/Pods-AnsungBarnMon-AnsungBarnMonUITests-frameworks-${CONFIGURATION}-output-files.xcfilelist",
			);
			runOnlyForDeploymentPostprocessing = 0;
			shellPath = /bin/sh;
			shellScript = "\"${PODS_ROOT}/Target Support Files/Pods-AnsungBarnMon-AnsungBarnMonUITests/Pods-AnsungBarnMon-AnsungBarnMonUITests-frameworks.sh\"\n";
			showEnvVarsInLog = 0;
		};
		715CB5DB96BA570727B6BFAD /* [CP] Check Pods Manifest.lock */ = {
			isa = PBXShellScriptBuildPhase;
			buildActionMask = 2147483647;
			files = (
			);
			inputFileListPaths = (
			);
			inputPaths = (
				"${PODS_PODFILE_DIR_PATH}/Podfile.lock",
				"${PODS_ROOT}/Manifest.lock",
			);
			name = "[CP] Check Pods Manifest.lock";
			outputFileListPaths = (
			);
			outputPaths = (
				"$(DERIVED_FILE_DIR)/Pods-AnsungBarnMon-checkManifestLockResult.txt",
			);
			runOnlyForDeploymentPostprocessing = 0;
			shellPath = /bin/sh;
			shellScript = "diff \"${PODS_PODFILE_DIR_PATH}/Podfile.lock\" \"${PODS_ROOT}/Manifest.lock\" > /dev/null\nif [ $? != 0 ] ; then\n    # print error to STDERR\n    echo \"error: The sandbox is not in sync with the Podfile.lock. Run 'pod install' or update your CocoaPods installation.\" >&2\n    exit 1\nfi\n# This output is used by Xcode 'outputs' to avoid re-running this script phase.\necho \"SUCCESS\" > \"${SCRIPT_OUTPUT_FILE_0}\"\n";
			showEnvVarsInLog = 0;
		};
		A0C5D7D915F54A52A4906BDF /* [CP] Embed Pods Frameworks */ = {
			isa = PBXShellScriptBuildPhase;
			buildActionMask = 2147483647;
			files = (
			);
			inputFileListPaths = (
				"${PODS_ROOT}/Target Support Files/Pods-AnsungBarnMon/Pods-AnsungBarnMon-frameworks-${CONFIGURATION}-input-files.xcfilelist",
			);
			name = "[CP] Embed Pods Frameworks";
			outputFileListPaths = (
				"${PODS_ROOT}/Target Support Files/Pods-AnsungBarnMon/Pods-AnsungBarnMon-frameworks-${CONFIGURATION}-output-files.xcfilelist",
			);
			runOnlyForDeploymentPostprocessing = 0;
			shellPath = /bin/sh;
			shellScript = "\"${PODS_ROOT}/Target Support Files/Pods-AnsungBarnMon/Pods-AnsungBarnMon-frameworks.sh\"\n";
			showEnvVarsInLog = 0;
		};
		E74D4A6679BE18233B75C7B4 /* [CP] Check Pods Manifest.lock */ = {
			isa = PBXShellScriptBuildPhase;
			buildActionMask = 2147483647;
			files = (
			);
			inputFileListPaths = (
			);
			inputPaths = (
				"${PODS_PODFILE_DIR_PATH}/Podfile.lock",
				"${PODS_ROOT}/Manifest.lock",
			);
			name = "[CP] Check Pods Manifest.lock";
			outputFileListPaths = (
			);
			outputPaths = (
				"$(DERIVED_FILE_DIR)/Pods-AnsungBarnMon-AnsungBarnMonUITests-checkManifestLockResult.txt",
			);
			runOnlyForDeploymentPostprocessing = 0;
			shellPath = /bin/sh;
			shellScript = "diff \"${PODS_PODFILE_DIR_PATH}/Podfile.lock\" \"${PODS_ROOT}/Manifest.lock\" > /dev/null\nif [ $? != 0 ] ; then\n    # print error to STDERR\n    echo \"error: The sandbox is not in sync with the Podfile.lock. Run 'pod install' or update your CocoaPods installation.\" >&2\n    exit 1\nfi\n# This output is used by Xcode 'outputs' to avoid re-running this script phase.\necho \"SUCCESS\" > \"${SCRIPT_OUTPUT_FILE_0}\"\n";
			showEnvVarsInLog = 0;
		};
/* End PBXShellScriptBuildPhase section */

/* Begin PBXSourcesBuildPhase section */
		43F8D06B2AD50C7D00E931C0 /* Sources */ = {
			isa = PBXSourcesBuildPhase;
			buildActionMask = 2147483647;
			files = (
				43DAF8872AF0946D0036E8B5 /* PopupViewController.swift in Sources */,
				43F8D0772AD50C7E00E931C0 /* ViewController.swift in Sources */,
				43B177AD2AF1618800DB17C2 /* Reachability.swift in Sources */,
				43DAF8842AF007AE0036E8B5 /* WebViewController.swift in Sources */,
				4387A6B32AEAC00F00CD65B9 /* Util.swift in Sources */,
				4387A6B02AEAA3B400CD65B9 /* DBrequest.swift in Sources */,
				4313DFA32AE8E46100FC2155 /* SideMenuController.swift in Sources */,
				4313DFA12AE8E04300FC2155 /* SideMenuNavi.swift in Sources */,
				4313DFA72AE902C500FC2155 /* MenuStyle.swift in Sources */,
				43F8D0732AD50C7D00E931C0 /* AppDelegate.swift in Sources */,
				43136D822AE780FD003B9592 /* data.swift in Sources */,
				43F8D0752AD50C7E00E931C0 /* SceneDelegate.swift in Sources */,
			);
			runOnlyForDeploymentPostprocessing = 0;
		};
		43F8D0812AD50C7E00E931C0 /* Sources */ = {
			isa = PBXSourcesBuildPhase;
			buildActionMask = 2147483647;
			files = (
				43F8D08A2AD50C7E00E931C0 /* AnsungBarnMonTests.swift in Sources */,
			);
			runOnlyForDeploymentPostprocessing = 0;
		};
		43F8D08B2AD50C7E00E931C0 /* Sources */ = {
			isa = PBXSourcesBuildPhase;
			buildActionMask = 2147483647;
			files = (
				43F8D0962AD50C7E00E931C0 /* AnsungBarnMonUITestsLaunchTests.swift in Sources */,
				43F8D0942AD50C7E00E931C0 /* AnsungBarnMonUITests.swift in Sources */,
			);
			runOnlyForDeploymentPostprocessing = 0;
		};
/* End PBXSourcesBuildPhase section */

/* Begin PBXTargetDependency section */
		43F8D0872AD50C7E00E931C0 /* PBXTargetDependency */ = {
			isa = PBXTargetDependency;
			target = 43F8D06E2AD50C7D00E931C0 /* AnsungBarnMon */;
			targetProxy = 43F8D0862AD50C7E00E931C0 /* PBXContainerItemProxy */;
		};
		43F8D0912AD50C7E00E931C0 /* PBXTargetDependency */ = {
			isa = PBXTargetDependency;
			target = 43F8D06E2AD50C7D00E931C0 /* AnsungBarnMon */;
			targetProxy = 43F8D0902AD50C7E00E931C0 /* PBXContainerItemProxy */;
		};
/* End PBXTargetDependency section */

/* Begin PBXVariantGroup section */
		43582C9E2ADBA2AB0016A187 /* emoticon1.png */ = {
			isa = PBXVariantGroup;
			children = (
				43582C9D2ADBA2AB0016A187 /* Base */,
			);
			name = emoticon1.png;
			sourceTree = "<group>";
		};
		43582CA32ADBA2BE0016A187 /* emoticon2.png */ = {
			isa = PBXVariantGroup;
			children = (
				43582CA22ADBA2BE0016A187 /* Base */,
			);
			name = emoticon2.png;
			sourceTree = "<group>";
		};
		43582CA72ADBA2C40016A187 /* emoticon3.png */ = {
			isa = PBXVariantGroup;
			children = (
				43582CA62ADBA2C40016A187 /* Base */,
			);
			name = emoticon3.png;
			sourceTree = "<group>";
		};
		43582CAB2ADBA2C80016A187 /* emoticon4.png */ = {
			isa = PBXVariantGroup;
			children = (
				43582CAA2ADBA2C80016A187 /* Base */,
			);
			name = emoticon4.png;
			sourceTree = "<group>";
		};
		43582CAE2ADBA2CF0016A187 /* menu_btn.png */ = {
			isa = PBXVariantGroup;
			children = (
				43582CAD2ADBA2CF0016A187 /* Base */,
			);
			name = menu_btn.png;
			sourceTree = "<group>";
		};
		43582CB22ADBA2D50016A187 /* intro.png */ = {
			isa = PBXVariantGroup;
			children = (
				43582CB12ADBA2D50016A187 /* Base */,
			);
			name = intro.png;
			sourceTree = "<group>";
		};
		43582CB62ADBA2DA0016A187 /* logo.png */ = {
			isa = PBXVariantGroup;
			children = (
				43582CB52ADBA2DA0016A187 /* Base */,
			);
			name = logo.png;
			sourceTree = "<group>";
		};
		43582CBA2ADBA2DE0016A187 /* icon-spot.png */ = {
			isa = PBXVariantGroup;
			children = (
				43582CB92ADBA2DE0016A187 /* Base */,
			);
			name = "icon-spot.png";
			sourceTree = "<group>";
		};
		43F8D0782AD50C7E00E931C0 /* Main.storyboard */ = {
			isa = PBXVariantGroup;
			children = (
				43F8D0792AD50C7E00E931C0 /* Base */,
			);
			name = Main.storyboard;
			sourceTree = "<group>";
		};
		43F8D07D2AD50C7E00E931C0 /* LaunchScreen.storyboard */ = {
			isa = PBXVariantGroup;
			children = (
				43F8D07E2AD50C7E00E931C0 /* Base */,
			);
			name = LaunchScreen.storyboard;
			sourceTree = "<group>";
		};
/* End PBXVariantGroup section */

/* Begin XCBuildConfiguration section */
		43F8D0972AD50C7E00E931C0 /* Debug */ = {
			isa = XCBuildConfiguration;
			buildSettings = {
				ALWAYS_SEARCH_USER_PATHS = NO;
				ASSETCATALOG_COMPILER_GENERATE_SWIFT_ASSET_SYMBOL_EXTENSIONS = YES;
				CLANG_ANALYZER_NONNULL = YES;
				CLANG_ANALYZER_NUMBER_OBJECT_CONVERSION = YES_AGGRESSIVE;
				CLANG_CXX_LANGUAGE_STANDARD = "gnu++20";
				CLANG_ENABLE_MODULES = YES;
				CLANG_ENABLE_OBJC_ARC = YES;
				CLANG_ENABLE_OBJC_WEAK = YES;
				CLANG_WARN_BLOCK_CAPTURE_AUTORELEASING = YES;
				CLANG_WARN_BOOL_CONVERSION = YES;
				CLANG_WARN_COMMA = YES;
				CLANG_WARN_CONSTANT_CONVERSION = YES;
				CLANG_WARN_DEPRECATED_OBJC_IMPLEMENTATIONS = YES;
				CLANG_WARN_DIRECT_OBJC_ISA_USAGE = YES_ERROR;
				CLANG_WARN_DOCUMENTATION_COMMENTS = YES;
				CLANG_WARN_EMPTY_BODY = YES;
				CLANG_WARN_ENUM_CONVERSION = YES;
				CLANG_WARN_INFINITE_RECURSION = YES;
				CLANG_WARN_INT_CONVERSION = YES;
				CLANG_WARN_NON_LITERAL_NULL_CONVERSION = YES;
				CLANG_WARN_OBJC_IMPLICIT_RETAIN_SELF = YES;
				CLANG_WARN_OBJC_LITERAL_CONVERSION = YES;
				CLANG_WARN_OBJC_ROOT_CLASS = YES_ERROR;
				CLANG_WARN_QUOTED_INCLUDE_IN_FRAMEWORK_HEADER = YES;
				CLANG_WARN_RANGE_LOOP_ANALYSIS = YES;
				CLANG_WARN_STRICT_PROTOTYPES = YES;
				CLANG_WARN_SUSPICIOUS_MOVE = YES;
				CLANG_WARN_UNGUARDED_AVAILABILITY = YES_AGGRESSIVE;
				CLANG_WARN_UNREACHABLE_CODE = YES;
				CLANG_WARN__DUPLICATE_METHOD_MATCH = YES;
				CODE_SIGN_STYLE = Automatic;
				COPY_PHASE_STRIP = NO;
				DEBUG_INFORMATION_FORMAT = dwarf;
				DEVELOPMENT_TEAM = Z3K2RKSDB6;
				ENABLE_STRICT_OBJC_MSGSEND = YES;
				ENABLE_TESTABILITY = YES;
				ENABLE_USER_SCRIPT_SANDBOXING = NO;
				GCC_C_LANGUAGE_STANDARD = gnu17;
				GCC_DYNAMIC_NO_PIC = NO;
				GCC_NO_COMMON_BLOCKS = YES;
				GCC_OPTIMIZATION_LEVEL = 0;
				GCC_PREPROCESSOR_DEFINITIONS = (
					"DEBUG=1",
					"$(inherited)",
				);
				GCC_WARN_64_TO_32_BIT_CONVERSION = YES;
				GCC_WARN_ABOUT_RETURN_TYPE = YES_ERROR;
				GCC_WARN_UNDECLARED_SELECTOR = YES;
				GCC_WARN_UNINITIALIZED_AUTOS = YES_AGGRESSIVE;
				GCC_WARN_UNUSED_FUNCTION = YES;
				GCC_WARN_UNUSED_VARIABLE = YES;
				INFOPLIST_KEY_CFBundleDisplayName = "";
				IPHONEOS_DEPLOYMENT_TARGET = 14.0;
				LOCALIZATION_PREFERS_STRING_CATALOGS = YES;
				MTL_ENABLE_DEBUG_INFO = INCLUDE_SOURCE;
				MTL_FAST_MATH = YES;
				ONLY_ACTIVE_ARCH = NO;
				SDKROOT = iphoneos;
				SWIFT_ACTIVE_COMPILATION_CONDITIONS = "DEBUG $(inherited)";
				SWIFT_OPTIMIZATION_LEVEL = "-Onone";
			};
			name = Debug;
		};
		43F8D0982AD50C7E00E931C0 /* Release */ = {
			isa = XCBuildConfiguration;
			buildSettings = {
				ALWAYS_SEARCH_USER_PATHS = NO;
				ASSETCATALOG_COMPILER_GENERATE_SWIFT_ASSET_SYMBOL_EXTENSIONS = YES;
				CLANG_ANALYZER_NONNULL = YES;
				CLANG_ANALYZER_NUMBER_OBJECT_CONVERSION = YES_AGGRESSIVE;
				CLANG_CXX_LANGUAGE_STANDARD = "gnu++20";
				CLANG_ENABLE_MODULES = YES;
				CLANG_ENABLE_OBJC_ARC = YES;
				CLANG_ENABLE_OBJC_WEAK = YES;
				CLANG_WARN_BLOCK_CAPTURE_AUTORELEASING = YES;
				CLANG_WARN_BOOL_CONVERSION = YES;
				CLANG_WARN_COMMA = YES;
				CLANG_WARN_CONSTANT_CONVERSION = YES;
				CLANG_WARN_DEPRECATED_OBJC_IMPLEMENTATIONS = YES;
				CLANG_WARN_DIRECT_OBJC_ISA_USAGE = YES_ERROR;
				CLANG_WARN_DOCUMENTATION_COMMENTS = YES;
				CLANG_WARN_EMPTY_BODY = YES;
				CLANG_WARN_ENUM_CONVERSION = YES;
				CLANG_WARN_INFINITE_RECURSION = YES;
				CLANG_WARN_INT_CONVERSION = YES;
				CLANG_WARN_NON_LITERAL_NULL_CONVERSION = YES;
				CLANG_WARN_OBJC_IMPLICIT_RETAIN_SELF = YES;
				CLANG_WARN_OBJC_LITERAL_CONVERSION = YES;
				CLANG_WARN_OBJC_ROOT_CLASS = YES_ERROR;
				CLANG_WARN_QUOTED_INCLUDE_IN_FRAMEWORK_HEADER = YES;
				CLANG_WARN_RANGE_LOOP_ANALYSIS = YES;
				CLANG_WARN_STRICT_PROTOTYPES = YES;
				CLANG_WARN_SUSPICIOUS_MOVE = YES;
				CLANG_WARN_UNGUARDED_AVAILABILITY = YES_AGGRESSIVE;
				CLANG_WARN_UNREACHABLE_CODE = YES;
				CLANG_WARN__DUPLICATE_METHOD_MATCH = YES;
				CODE_SIGN_STYLE = Automatic;
				COPY_PHASE_STRIP = NO;
				DEBUG_INFORMATION_FORMAT = "dwarf-with-dsym";
				DEVELOPMENT_TEAM = Z3K2RKSDB6;
				ENABLE_NS_ASSERTIONS = NO;
				ENABLE_STRICT_OBJC_MSGSEND = YES;
				ENABLE_USER_SCRIPT_SANDBOXING = NO;
				GCC_C_LANGUAGE_STANDARD = gnu17;
				GCC_NO_COMMON_BLOCKS = YES;
				GCC_WARN_64_TO_32_BIT_CONVERSION = YES;
				GCC_WARN_ABOUT_RETURN_TYPE = YES_ERROR;
				GCC_WARN_UNDECLARED_SELECTOR = YES;
				GCC_WARN_UNINITIALIZED_AUTOS = YES_AGGRESSIVE;
				GCC_WARN_UNUSED_FUNCTION = YES;
				GCC_WARN_UNUSED_VARIABLE = YES;
				INFOPLIST_KEY_CFBundleDisplayName = "";
				IPHONEOS_DEPLOYMENT_TARGET = 14.0;
				LOCALIZATION_PREFERS_STRING_CATALOGS = YES;
				MTL_ENABLE_DEBUG_INFO = NO;
				MTL_FAST_MATH = YES;
				ONLY_ACTIVE_ARCH = NO;
				SDKROOT = iphoneos;
				SWIFT_COMPILATION_MODE = wholemodule;
				VALIDATE_PRODUCT = YES;
			};
			name = Release;
		};
		43F8D09A2AD50C7E00E931C0 /* Debug */ = {
			isa = XCBuildConfiguration;
			baseConfigurationReference = 6245623E000E257C58975A0A /* Pods-AnsungBarnMon.debug.xcconfig */;
			buildSettings = {
				ASSETCATALOG_COMPILER_APPICON_NAME = AppIcon;
				ASSETCATALOG_COMPILER_GLOBAL_ACCENT_COLOR_NAME = AccentColor;
				"CODE_SIGN_IDENTITY[sdk=iphoneos*]" = "iPhone Developer";
				CODE_SIGN_STYLE = Manual;
				CURRENT_PROJECT_VERSION = 4;
				"DEVELOPMENT_TEAM[sdk=iphoneos*]" = Z3K2RKSDB6;
				ENABLE_ON_DEMAND_RESOURCES = YES;
				GENERATE_INFOPLIST_FILE = YES;
				INFOPLIST_FILE = AnsungBarnMon/Info.plist;
				INFOPLIST_KEY_CFBundleDisplayName = AnsungBarnMon;
				INFOPLIST_KEY_LSApplicationCategoryType = "public.app-category.utilities";
				INFOPLIST_KEY_UIApplicationSupportsIndirectInputEvents = YES;
				INFOPLIST_KEY_UILaunchStoryboardName = LaunchScreen;
				INFOPLIST_KEY_UIMainStoryboardFile = Main;
				INFOPLIST_KEY_UISupportedInterfaceOrientations_iPhone = UIInterfaceOrientationPortrait;
				IPHONEOS_DEPLOYMENT_TARGET = 14.3;
				LD_RUNPATH_SEARCH_PATHS = (
					"$(inherited)",
					"@executable_path/Frameworks",
				);
				MARKETING_VERSION = 1.3;
				ONLY_ACTIVE_ARCH = YES;
				PRODUCT_BUNDLE_IDENTIFIER = kr.co.senko.AnsungBarnMon;
				PRODUCT_NAME = "$(TARGET_NAME)";
				PROVISIONING_PROFILE_SPECIFIER = "";
				"PROVISIONING_PROFILE_SPECIFIER[sdk=iphoneos*]" = AnsungBarnMon;
				SUPPORTED_PLATFORMS = "iphoneos iphonesimulator";
				SUPPORTS_MACCATALYST = NO;
				SUPPORTS_MAC_DESIGNED_FOR_IPHONE_IPAD = NO;
				SWIFT_EMIT_LOC_STRINGS = YES;
				SWIFT_VERSION = 5.0;
				TARGETED_DEVICE_FAMILY = 1;
			};
			name = Debug;
		};
		43F8D09B2AD50C7E00E931C0 /* Release */ = {
			isa = XCBuildConfiguration;
			baseConfigurationReference = 12ACE4BF1E627D685AE637FF /* Pods-AnsungBarnMon.release.xcconfig */;
			buildSettings = {
				ASSETCATALOG_COMPILER_APPICON_NAME = AppIcon;
				ASSETCATALOG_COMPILER_GLOBAL_ACCENT_COLOR_NAME = AccentColor;
				"CODE_SIGN_IDENTITY[sdk=iphoneos*]" = "iPhone Distribution";
				CODE_SIGN_STYLE = Manual;
				CURRENT_PROJECT_VERSION = 4;
				"DEVELOPMENT_TEAM[sdk=iphoneos*]" = Z3K2RKSDB6;
				ENABLE_ON_DEMAND_RESOURCES = YES;
				GENERATE_INFOPLIST_FILE = YES;
				INFOPLIST_FILE = AnsungBarnMon/Info.plist;
				INFOPLIST_KEY_CFBundleDisplayName = AnsungBarnMon;
				INFOPLIST_KEY_LSApplicationCategoryType = "public.app-category.utilities";
				INFOPLIST_KEY_UIApplicationSupportsIndirectInputEvents = YES;
				INFOPLIST_KEY_UILaunchStoryboardName = LaunchScreen;
				INFOPLIST_KEY_UIMainStoryboardFile = Main;
				INFOPLIST_KEY_UISupportedInterfaceOrientations_iPhone = UIInterfaceOrientationPortrait;
				IPHONEOS_DEPLOYMENT_TARGET = 14.3;
				LD_RUNPATH_SEARCH_PATHS = (
					"$(inherited)",
					"@executable_path/Frameworks",
				);
				MARKETING_VERSION = 1.3;
				ONLY_ACTIVE_ARCH = YES;
				PRODUCT_BUNDLE_IDENTIFIER = kr.co.senko.AnsungBarnMon;
				PRODUCT_NAME = "$(TARGET_NAME)";
				PROVISIONING_PROFILE_SPECIFIER = "";
				"PROVISIONING_PROFILE_SPECIFIER[sdk=iphoneos*]" = "AnsungBarnMon Ad Hoc";
				SUPPORTED_PLATFORMS = "iphoneos iphonesimulator";
				SUPPORTS_MACCATALYST = NO;
				SUPPORTS_MAC_DESIGNED_FOR_IPHONE_IPAD = NO;
				SWIFT_EMIT_LOC_STRINGS = YES;
				SWIFT_VERSION = 5.0;
				TARGETED_DEVICE_FAMILY = 1;
			};
			name = Release;
		};
		43F8D09D2AD50C7E00E931C0 /* Debug */ = {
			isa = XCBuildConfiguration;
			baseConfigurationReference = 5F7841DE9BD6AA56F69B7240 /* Pods-AnsungBarnMonTests.debug.xcconfig */;
			buildSettings = {
				ALWAYS_EMBED_SWIFT_STANDARD_LIBRARIES = YES;
				BUNDLE_LOADER = "$(TEST_HOST)";
				CODE_SIGN_STYLE = Automatic;
				CURRENT_PROJECT_VERSION = 1;
				GENERATE_INFOPLIST_FILE = YES;
				IPHONEOS_DEPLOYMENT_TARGET = 17.0;
				MARKETING_VERSION = 1.0;
				PRODUCT_BUNDLE_IDENTIFIER = kr.co.senko.AnsungBarnMonTests;
				PRODUCT_NAME = "$(TARGET_NAME)";
				SWIFT_EMIT_LOC_STRINGS = NO;
				SWIFT_VERSION = 5.0;
				TARGETED_DEVICE_FAMILY = "1,2";
				TEST_HOST = "$(BUILT_PRODUCTS_DIR)/AnsungBarnMon.app/$(BUNDLE_EXECUTABLE_FOLDER_PATH)/AnsungBarnMon";
			};
			name = Debug;
		};
		43F8D09E2AD50C7E00E931C0 /* Release */ = {
			isa = XCBuildConfiguration;
			baseConfigurationReference = BDA94DB17C40C419D4463715 /* Pods-AnsungBarnMonTests.release.xcconfig */;
			buildSettings = {
				ALWAYS_EMBED_SWIFT_STANDARD_LIBRARIES = YES;
				BUNDLE_LOADER = "$(TEST_HOST)";
				CODE_SIGN_STYLE = Automatic;
				CURRENT_PROJECT_VERSION = 1;
				GENERATE_INFOPLIST_FILE = YES;
				IPHONEOS_DEPLOYMENT_TARGET = 17.0;
				MARKETING_VERSION = 1.0;
				PRODUCT_BUNDLE_IDENTIFIER = kr.co.senko.AnsungBarnMonTests;
				PRODUCT_NAME = "$(TARGET_NAME)";
				SWIFT_EMIT_LOC_STRINGS = NO;
				SWIFT_VERSION = 5.0;
				TARGETED_DEVICE_FAMILY = "1,2";
				TEST_HOST = "$(BUILT_PRODUCTS_DIR)/AnsungBarnMon.app/$(BUNDLE_EXECUTABLE_FOLDER_PATH)/AnsungBarnMon";
			};
			name = Release;
		};
		43F8D0A02AD50C7E00E931C0 /* Debug */ = {
			isa = XCBuildConfiguration;
			baseConfigurationReference = CC25577F28422DB0ED7B51E9 /* Pods-AnsungBarnMon-AnsungBarnMonUITests.debug.xcconfig */;
			buildSettings = {
				ALWAYS_EMBED_SWIFT_STANDARD_LIBRARIES = YES;
				CODE_SIGN_STYLE = Automatic;
				CURRENT_PROJECT_VERSION = 1;
				GENERATE_INFOPLIST_FILE = YES;
				MARKETING_VERSION = 1.0;
				PRODUCT_BUNDLE_IDENTIFIER = kr.co.senko.AnsungBarnMonUITests;
				PRODUCT_NAME = "$(TARGET_NAME)";
				SWIFT_EMIT_LOC_STRINGS = NO;
				SWIFT_VERSION = 5.0;
				TARGETED_DEVICE_FAMILY = "1,2";
				TEST_TARGET_NAME = AnsungBarnMon;
			};
			name = Debug;
		};
		43F8D0A12AD50C7E00E931C0 /* Release */ = {
			isa = XCBuildConfiguration;
			baseConfigurationReference = 0030146BD871DBBAAD8151D8 /* Pods-AnsungBarnMon-AnsungBarnMonUITests.release.xcconfig */;
			buildSettings = {
				ALWAYS_EMBED_SWIFT_STANDARD_LIBRARIES = YES;
				CODE_SIGN_STYLE = Automatic;
				CURRENT_PROJECT_VERSION = 1;
				GENERATE_INFOPLIST_FILE = YES;
				MARKETING_VERSION = 1.0;
				PRODUCT_BUNDLE_IDENTIFIER = kr.co.senko.AnsungBarnMonUITests;
				PRODUCT_NAME = "$(TARGET_NAME)";
				SWIFT_EMIT_LOC_STRINGS = NO;
				SWIFT_VERSION = 5.0;
				TARGETED_DEVICE_FAMILY = "1,2";
				TEST_TARGET_NAME = AnsungBarnMon;
			};
			name = Release;
		};
/* End XCBuildConfiguration section */

/* Begin XCConfigurationList section */
		43F8D06A2AD50C7D00E931C0 /* Build configuration list for PBXProject "AnsungBarnMon" */ = {
			isa = XCConfigurationList;
			buildConfigurations = (
				43F8D0972AD50C7E00E931C0 /* Debug */,
				43F8D0982AD50C7E00E931C0 /* Release */,
			);
			defaultConfigurationIsVisible = 0;
			defaultConfigurationName = Debug;
		};
		43F8D0992AD50C7E00E931C0 /* Build configuration list for PBXNativeTarget "AnsungBarnMon" */ = {
			isa = XCConfigurationList;
			buildConfigurations = (
				43F8D09A2AD50C7E00E931C0 /* Debug */,
				43F8D09B2AD50C7E00E931C0 /* Release */,
			);
			defaultConfigurationIsVisible = 0;
			defaultConfigurationName = Debug;
		};
		43F8D09C2AD50C7E00E931C0 /* Build configuration list for PBXNativeTarget "AnsungBarnMonTests" */ = {
			isa = XCConfigurationList;
			buildConfigurations = (
				43F8D09D2AD50C7E00E931C0 /* Debug */,
				43F8D09E2AD50C7E00E931C0 /* Release */,
			);
			defaultConfigurationIsVisible = 0;
			defaultConfigurationName = Debug;
		};
		43F8D09F2AD50C7E00E931C0 /* Build configuration list for PBXNativeTarget "AnsungBarnMonUITests" */ = {
			isa = XCConfigurationList;
			buildConfigurations = (
				43F8D0A02AD50C7E00E931C0 /* Debug */,
				43F8D0A12AD50C7E00E931C0 /* Release */,
			);
			defaultConfigurationIsVisible = 0;
			defaultConfigurationName = Debug;
		};
/* End XCConfigurationList section */
	};
	rootObject = 43F8D0672AD50C7D00E931C0 /* Project object */;
}
